{
  "name": "ai-mlb-tool",
  "version": "1.0.0",
  "lockfileVersion": 1,
  "requires": true,
  "dependencies": {
    "react": {
      "version": "17.0.2",
      "resolved": "https://registry.npmjs.org/react/-/react-17.0.2.tgz",
      "integrity": "sha512-pzjw8f+ua7Kw1TIq0vE1F8sxO2KerMbCd1zTS6CvNtV2UO5o5Fsjncz7fTJ5+CUTrRV3K/RwD0ZyQ30L0B+gFg=="
    },
    "react-dom": {
      "version": "17.0.2",
      "resolved": "https://registry.npmjs.org/react-dom/-/react-dom-17.0.2.tgz",
      "integrity": "sha512-2+Gz5eAGR8Ox5h+FsZW34kdE3a0ZoI2Tp0Weqjl2baNs9+2B2wwFgFvldJQm0ofDZHTGz9zB4+5A6B2Zp2L/Dg=="
    },
    "react-scripts": {
      "version": "4.0.3",
      "resolved": "https://registry.npmjs.org/react-scripts/-/react-scripts-4.0.3.tgz",
      "integrity": "sha512-+YmhxGAZS6Zo2bHnwwpR9B4FdxDZjUelqWbZ9z9/DbZy58fLu4PQzzOpKWvF8/a1AVI1RwtgA36o4qjI46Svw=="
    }
  }
}